
Microsoft Visual Studio Solution File, Format Version 12.00
# Visual Studio Version 17
VisualStudioVersion = 17.10.35027.167
MinimumVisualStudioVersion = 10.0.40219.1
Project("{FAE04EC0-301F-11D3-BF4B-00C04F79EFBC}") = "Resume", "Resume\Resume.csproj", "{9E3A9ACE-0EBA-4B0B-A4CE-70BEBFED84CD}"
EndProject
Project("{FAE04EC0-301F-11D3-BF4B-00C04F79EFBC}") = "Resume.MauiControls", "Resume.MauiControls\Resume.MauiControls.csproj", "{A6F9E0A4-C5F1-49C4-B1DB-951359AB008D}"
EndProject
Project("{2150E333-8FDC-42A3-9474-1A3956D46DE8}") = "Tests", "Tests", "{E1D3FDF8-ADAE-4014-BA05-4AA7A5738E0D}"
EndProject
Project("{9A19103F-16F7-4668-BE54-9A1E7A4F7556}") = "Resume.UITests", "Resume.UITests\Resume.UITests.csproj", "{F93E6806-4379-405C-B85B-BCE525786D96}"
EndProject
Project("{9A19103F-16F7-4668-BE54-9A1E7A4F7556}") = "Resume.Tests", "Resume.Tests\Resume.Tests.csproj", "{B5B81B1D-23F0-41D9-9CB9-FB38683EACBF}"
EndProject
Project("{2150E333-8FDC-42A3-9474-1A3956D46DE8}") = "Solution Items", "Solution Items", "{25504E72-1647-4B5C-A242-BBD659EF992D}"
	ProjectSection(SolutionItems) = preProject
		.gitignore = .gitignore
		Directory.Build.props = Directory.Build.props
		Directory.Build.targets = Directory.Build.targets
		Directory.Packages.props = Directory.Packages.props
		global.json = global.json
	EndProjectSection
EndProject
Global
	GlobalSection(SolutionConfigurationPlatforms) = preSolution
		Debug|Any CPU = Debug|Any CPU
		Release|Any CPU = Release|Any CPU
	EndGlobalSection
	GlobalSection(ProjectConfigurationPlatforms) = postSolution
		{9E3A9ACE-0EBA-4B0B-A4CE-70BEBFED84CD}.Debug|Any CPU.ActiveCfg = Debug|Any CPU
		{9E3A9ACE-0EBA-4B0B-A4CE-70BEBFED84CD}.Debug|Any CPU.Build.0 = Debug|Any CPU
		{9E3A9ACE-0EBA-4B0B-A4CE-70BEBFED84CD}.Debug|Any CPU.Deploy.0 = Debug|Any CPU
		{9E3A9ACE-0EBA-4B0B-A4CE-70BEBFED84CD}.Release|Any CPU.ActiveCfg = Release|Any CPU
		{9E3A9ACE-0EBA-4B0B-A4CE-70BEBFED84CD}.Release|Any CPU.Build.0 = Release|Any CPU
		{9E3A9ACE-0EBA-4B0B-A4CE-70BEBFED84CD}.Release|Any CPU.Deploy.0 = Release|Any CPU
		{A6F9E0A4-C5F1-49C4-B1DB-951359AB008D}.Debug|Any CPU.ActiveCfg = Debug|Any CPU
		{A6F9E0A4-C5F1-49C4-B1DB-951359AB008D}.Debug|Any CPU.Build.0 = Debug|Any CPU
		{A6F9E0A4-C5F1-49C4-B1DB-951359AB008D}.Debug|Any CPU.Deploy.0 = Debug|Any CPU
		{A6F9E0A4-C5F1-49C4-B1DB-951359AB008D}.Release|Any CPU.ActiveCfg = Release|Any CPU
		{A6F9E0A4-C5F1-49C4-B1DB-951359AB008D}.Release|Any CPU.Build.0 = Release|Any CPU
		{A6F9E0A4-C5F1-49C4-B1DB-951359AB008D}.Release|Any CPU.Deploy.0 = Release|Any CPU
		{F93E6806-4379-405C-B85B-BCE525786D96}.Debug|Any CPU.ActiveCfg = Debug|Any CPU
		{F93E6806-4379-405C-B85B-BCE525786D96}.Debug|Any CPU.Build.0 = Debug|Any CPU
		{F93E6806-4379-405C-B85B-BCE525786D96}.Debug|Any CPU.Deploy.0 = Debug|Any CPU
		{F93E6806-4379-405C-B85B-BCE525786D96}.Release|Any CPU.ActiveCfg = Release|Any CPU
		{F93E6806-4379-405C-B85B-BCE525786D96}.Release|Any CPU.Build.0 = Release|Any CPU
		{F93E6806-4379-405C-B85B-BCE525786D96}.Release|Any CPU.Deploy.0 = Release|Any CPU
		{B5B81B1D-23F0-41D9-9CB9-FB38683EACBF}.Debug|Any CPU.ActiveCfg = Debug|Any CPU
		{B5B81B1D-23F0-41D9-9CB9-FB38683EACBF}.Debug|Any CPU.Build.0 = Debug|Any CPU
		{B5B81B1D-23F0-41D9-9CB9-FB38683EACBF}.Debug|Any CPU.Deploy.0 = Debug|Any CPU
		{B5B81B1D-23F0-41D9-9CB9-FB38683EACBF}.Release|Any CPU.ActiveCfg = Release|Any CPU
		{B5B81B1D-23F0-41D9-9CB9-FB38683EACBF}.Release|Any CPU.Build.0 = Release|Any CPU
		{B5B81B1D-23F0-41D9-9CB9-FB38683EACBF}.Release|Any CPU.Deploy.0 = Release|Any CPU
	EndGlobalSection
	GlobalSection(SolutionProperties) = preSolution
		HideSolutionNode = FALSE
	EndGlobalSection
	GlobalSection(NestedProjects) = preSolution
		{F93E6806-4379-405C-B85B-BCE525786D96} = {E1D3FDF8-ADAE-4014-BA05-4AA7A5738E0D}
		{B5B81B1D-23F0-41D9-9CB9-FB38683EACBF} = {E1D3FDF8-ADAE-4014-BA05-4AA7A5738E0D}
	EndGlobalSection
	GlobalSection(ExtensibilityGlobals) = postSolution
		SolutionGuid = {3A8D8DD2-A9F1-45FD-913F-4C8A5E6FE832}
	EndGlobalSection
EndGlobal
